{
  "name": "graphiql",
  "version": "1.0.0",
  "lockfileVersion": 1,
  "requires": true,
  "dependencies": {
    "argparse": {
      "version": "1.0.10",
      "resolved": "http://registry.npm.taobao.org/argparse/download/argparse-1.0.10.tgz",
      "dependencies": {
        "sprintf-js": {
          "version": "http://registry.npm.taobao.org/sprintf-js/download/sprintf-js-1.0.3.tgz",
          "bundled": true
        }
      }
    },
    "codemirror": {
      "version": "5.42.0",
      "resolved": "http://registry.npm.taobao.org/codemirror/download/codemirror-5.42.0.tgz"
    },
    "codemirror-graphql": {
      "version": "0.7.1",
      "resolved": "http://registry.npm.taobao.org/codemirror-graphql/download/codemirror-graphql-0.7.1.tgz",
      "dependencies": {
        "graphql-language-service-interface": {
          "version": "http://registry.npm.taobao.org/graphql-language-service-interface/download/graphql-language-service-interface-1.3.2.tgz",
          "bundled": true
        },
        "graphql-language-service-parser": {
          "version": "http://registry.npm.taobao.org/graphql-language-service-parser/download/graphql-language-service-parser-1.2.2.tgz",
          "bundled": true,
          "dependencies": {
            "graphql-config": {
              "version": "http://registry.npm.taobao.org/graphql-config/download/graphql-config-2.0.1.tgz",
              "bundled": true,
              "dependencies": {
                "graphql-import": {
                  "version": "http://registry.npm.taobao.org/graphql-import/download/graphql-import-0.4.5.tgz",
                  "bundled": true
                },
                "graphql-request": {
                  "version": "http://registry.npm.taobao.org/graphql-request/download/graphql-request-1.8.2.tgz",
                  "bundled": true
                },
                "js-yaml": {
                  "version": "http://registry.npm.taobao.org/js-yaml/download/js-yaml-3.12.0.tgz",
                  "bundled": true
                },
                "lodash": {
                  "version": "http://registry.npm.taobao.org/lodash/download/lodash-4.17.11.tgz",
                  "bundled": true
                },
                "minimatch": {
                  "version": "http://registry.npm.taobao.org/minimatch/download/minimatch-3.0.4.tgz",
                  "bundled": true
                }
              }
            },
            "graphql-language-service-types": {
              "version": "http://registry.npm.taobao.org/graphql-language-service-types/download/graphql-language-service-types-1.2.2.tgz",
              "bundled": true,
              "dependencies": {
                "graphql-config": {
                  "version": "http://registry.npm.taobao.org/graphql-config/download/graphql-config-2.0.1.tgz",
                  "bundled": true,
                  "dependencies": {
                    "graphql-import": {
                      "version": "http://registry.npm.taobao.org/graphql-import/download/graphql-import-0.4.5.tgz",
                      "bundled": true
                    },
                    "graphql-request": {
                      "version": "http://registry.npm.taobao.org/graphql-request/download/graphql-request-1.8.2.tgz",
                      "bundled": true
                    },
                    "js-yaml": {
                      "version": "http://registry.npm.taobao.org/js-yaml/download/js-yaml-3.12.0.tgz",
                      "bundled": true
                    },
                    "lodash": {
                      "version": "http://registry.npm.taobao.org/lodash/download/lodash-4.17.11.tgz",
                      "bundled": true
                    },
                    "minimatch": {
                      "version": "http://registry.npm.taobao.org/minimatch/download/minimatch-3.0.4.tgz",
                      "bundled": true
                    }
                  }
                }
              }
            }
          }
        }
      }
    },
    "entities": {
      "version": "1.1.2",
      "resolved": "http://registry.npm.taobao.org/entities/download/entities-1.1.2.tgz"
    },
    "graphiql": {
      "version": "0.12.0",
      "resolved": "http://registry.npm.taobao.org/graphiql/download/graphiql-0.12.0.tgz",
      "integrity": "sha1-oDXJOm48GIUML0UMA5dHsuo+uVM=",
      "requires": {
        "codemirror": "^5.26.0",
        "codemirror-graphql": "^0.7.1",
        "markdown-it": "^8.4.0"
      },
      "dependencies": {
        "linkify-it": {
          "version": "2.0.3",
          "resolved": "http://registry.npm.taobao.org/linkify-it/download/linkify-it-2.0.3.tgz",
          "integrity": "sha1-2UpGSPmxwXnWT6lykSaL22zpQ08=",
          "requires": {
            "uc.micro": "^1.0.1"
          }
        },
        "markdown-it": {
          "version": "8.4.2",
          "resolved": "http://registry.npm.taobao.org/markdown-it/download/markdown-it-8.4.2.tgz",
          "integrity": "sha1-OG+YmY3BWjdyKqdyIIT0Agvdm1Q=",
          "requires": {
            "argparse": "^1.0.7",
            "entities": "~1.1.1",
            "linkify-it": "^2.0.0",
            "mdurl": "^1.0.1",
            "uc.micro": "^1.0.5"
          }
        }
      }
    },
    "isomorphic-fetch": {
      "version": "2.2.1",
      "resolved": "http://registry.npm.taobao.org/isomorphic-fetch/download/isomorphic-fetch-2.2.1.tgz",
      "integrity": "sha1-YRrhrPFPXoH3KVB0coGf6XM1WKk=",
      "requires": {
        "node-fetch": "^1.0.1",
        "whatwg-fetch": ">=0.10.0"
      },
      "dependencies": {
        "encoding": {
          "version": "0.1.12",
          "resolved": "http://registry.npm.taobao.org/encoding/download/encoding-0.1.12.tgz",
          "integrity": "sha1-U4tm8+5izRq1HsMjgp0flIDHS+s=",
          "requires": {
            "iconv-lite": "~0.4.13"
          }
        },
        "iconv-lite": {
          "version": "0.4.24",
          "resolved": "http://registry.npm.taobao.org/iconv-lite/download/iconv-lite-0.4.24.tgz",
          "integrity": "sha1-ICK0sl+93CHS9SSXSkdKr+czkIs=",
          "requires": {
            "safer-buffer": ">= 2.1.2 < 3"
          }
        },
        "is-stream": {
          "version": "1.1.0",
          "resolved": "http://registry.npm.taobao.org/is-stream/download/is-stream-1.1.0.tgz",
          "integrity": "sha1-EtSj3U5o4Lec6428hBc66A2RykQ="
        },
        "node-fetch": {
          "version": "1.7.3",
          "resolved": "http://registry.npm.taobao.org/node-fetch/download/node-fetch-1.7.3.tgz",
          "integrity": "sha1-mA9vcthSEaU0fGsrwYxbhMPrR+8=",
          "requires": {
            "encoding": "^0.1.11",
            "is-stream": "^1.0.1"
          }
        },
        "safer-buffer": {
          "version": "2.1.2",
          "resolved": "http://registry.npm.taobao.org/safer-buffer/download/safer-buffer-2.1.2.tgz",
          "integrity": "sha1-RPoWGwGHuVSd2Eu5GAL5vYOFzWo="
        },
        "whatwg-fetch": {
          "version": "3.0.0",
          "resolved": "http://registry.npm.taobao.org/whatwg-fetch/download/whatwg-fetch-3.0.0.tgz",
          "integrity": "sha1-/IBORYzEYACbGiuWa8iBfSV4rvs="
        }
      }
    },
    "js-tokens": {
      "version": "4.0.0",
      "resolved": "http://registry.npm.taobao.org/js-tokens/download/js-tokens-4.0.0.tgz"
    },
    "mdurl": {
      "version": "1.0.1",
      "resolved": "http://registry.npm.taobao.org/mdurl/download/mdurl-1.0.1.tgz"
    },
    "react": {
      "version": "16.6.3",
      "resolved": "http://registry.npm.taobao.org/react/download/react-16.6.3.tgz",
      "integrity": "sha1-Jdd8kZEda73SPbQecPsJTMHghxw=",
      "requires": {
        "loose-envify": "^1.1.0",
        "object-assign": "^4.1.1",
        "prop-types": "^15.6.2",
        "scheduler": "^0.11.2"
      },
      "dependencies": {
        "loose-envify": {
          "version": "1.4.0",
          "resolved": "http://registry.npm.taobao.org/loose-envify/download/loose-envify-1.4.0.tgz",
          "integrity": "sha1-ce5R+nvkyuwaY4OffmgtgTLTDK8=",
          "requires": {
            "js-tokens": "^3.0.0 || ^4.0.0"
          }
        },
        "object-assign": {
          "version": "4.1.1",
          "resolved": "http://registry.npm.taobao.org/object-assign/download/object-assign-4.1.1.tgz",
          "integrity": "sha1-IQmtx5ZYh8/AXLvUQsrIv7s2CGM="
        },
        "prop-types": {
          "version": "15.6.2",
          "resolved": "http://registry.npm.taobao.org/prop-types/download/prop-types-15.6.2.tgz",
          "integrity": "sha1-BdXKd7RFPphdYPx/+MhZCUpJcQI=",
          "requires": {
            "loose-envify": "^1.3.1",
            "object-assign": "^4.1.1"
          }
        },
        "scheduler": {
          "version": "0.11.2",
          "resolved": "http://registry.npm.taobao.org/scheduler/download/scheduler-0.11.2.tgz",
          "integrity": "sha1-qNtTmdBuulq6xRtwW3FR0jGdM9M=",
          "requires": {
            "loose-envify": "^1.1.0",
            "object-assign": "^4.1.1"
          }
        }
      }
    },
    "react-dom": {
      "version": "16.6.3",
      "resolved": "http://registry.npm.taobao.org/react-dom/download/react-dom-16.6.3.tgz",
      "dependencies": {
        "loose-envify": {
          "version": "http://registry.npm.taobao.org/loose-envify/download/loose-envify-1.4.0.tgz",
          "bundled": true,
          "dependencies": {
            "js-tokens": {
              "version": "http://registry.npm.taobao.org/js-tokens/download/js-tokens-4.0.0.tgz"
            }
          }
        },
        "object-assign": {
          "version": "http://registry.npm.taobao.org/object-assign/download/object-assign-4.1.1.tgz",
          "bundled": true
        },
        "prop-types": {
          "version": "http://registry.npm.taobao.org/prop-types/download/prop-types-15.6.2.tgz",
          "bundled": true,
          "dependencies": {
            "loose-envify": {
              "version": "http://registry.npm.taobao.org/loose-envify/download/loose-envify-1.4.0.tgz",
              "dependencies": {
                "js-tokens": {
                  "version": "http://registry.npm.taobao.org/js-tokens/download/js-tokens-4.0.0.tgz"
                }
              }
            },
            "object-assign": {
              "version": "http://registry.npm.taobao.org/object-assign/download/object-assign-4.1.1.tgz"
            }
          }
        },
        "scheduler": {
          "version": "http://registry.npm.taobao.org/scheduler/download/scheduler-0.11.2.tgz",
          "bundled": true,
          "dependencies": {
            "loose-envify": {
              "version": "http://registry.npm.taobao.org/loose-envify/download/loose-envify-1.4.0.tgz",
              "dependencies": {
                "js-tokens": {
                  "version": "http://registry.npm.taobao.org/js-tokens/download/js-tokens-4.0.0.tgz"
                }
              }
            },
            "object-assign": {
              "version": "http://registry.npm.taobao.org/object-assign/download/object-assign-4.1.1.tgz"
            }
          }
        }
      }
    },
    "uc.micro": {
      "version": "1.0.5",
      "resolved": "http://registry.npm.taobao.org/uc.micro/download/uc.micro-1.0.5.tgz"
    }
  }
}
